
Microsoft Visual Studio Solution File, Format Version 11.00
# Visual Studio 2010
Project("{FAE04EC0-301F-11D3-BF4B-00C04F79EFBC}") = "CadEditor", "CadEditor.csproj", "{BD2A990C-9D64-472D-9C78-1429C666604B}"
EndProject
Project("{FAE04EC0-301F-11D3-BF4B-00C04F79EFBC}") = "CadEnemyEditor", "..\CadEnemyEditor\CadEnemyEditor.csproj", "{56D14DAD-7662-42D2-BEA1-B6E427807D30}"
EndProject
Global
	GlobalSection(SolutionConfigurationPlatforms) = preSolution
		Debug|x86 = Debug|x86
		Release|x86 = Release|x86
	EndGlobalSection
	GlobalSection(ProjectConfigurationPlatforms) = postSolution
		{BD2A990C-9D64-472D-9C78-1429C666604B}.Debug|x86.ActiveCfg = Debug|x86
		{BD2A990C-9D64-472D-9C78-1429C666604B}.Debug|x86.Build.0 = Debug|x86
		{BD2A990C-9D64-472D-9C78-1429C666604B}.Release|x86.ActiveCfg = Release|x86
		{BD2A990C-9D64-472D-9C78-1429C666604B}.Release|x86.Build.0 = Release|x86
		{56D14DAD-7662-42D2-BEA1-B6E427807D30}.Debug|x86.ActiveCfg = Debug|x86
		{56D14DAD-7662-42D2-BEA1-B6E427807D30}.Debug|x86.Build.0 = Debug|x86
		{56D14DAD-7662-42D2-BEA1-B6E427807D30}.Release|x86.ActiveCfg = Release|x86
		{56D14DAD-7662-42D2-BEA1-B6E427807D30}.Release|x86.Build.0 = Release|x86
	EndGlobalSection
	GlobalSection(SolutionProperties) = preSolution
		HideSolutionNode = FALSE
	EndGlobalSection
EndGlobal
